
Microsoft Visual Studio Solution File, Format Version 12.00
# Visual Studio Version 17
VisualStudioVersion = 17.3.32825.248
MinimumVisualStudioVersion = 10.0.40219.1
Project("{9A19103F-16F7-4668-BE54-9A1E7A4F7556}") = "DependencyInjectionLibrary", "DependencyInjectionLibrary\DependencyInjectionLibrary.csproj", "{88D32193-F17C-4822-BC32-E2630E31C4DA}"
EndProject
Project("{9A19103F-16F7-4668-BE54-9A1E7A4F7556}") = "DependencyInjectionLibrary.Tests", "DependencyInjectionLibrary.Tests\DependencyInjectionLibrary.Tests.csproj", "{08088224-CAB7-4156-A9A5-42CFF0C1C124}"
EndProject
Global
	GlobalSection(SolutionConfigurationPlatforms) = preSolution
		Debug|Any CPU = Debug|Any CPU
		Release|Any CPU = Release|Any CPU
	EndGlobalSection
	GlobalSection(ProjectConfigurationPlatforms) = postSolution
		{88D32193-F17C-4822-BC32-E2630E31C4DA}.Debug|Any CPU.ActiveCfg = Debug|Any CPU
		{88D32193-F17C-4822-BC32-E2630E31C4DA}.Debug|Any CPU.Build.0 = Debug|Any CPU
		{88D32193-F17C-4822-BC32-E2630E31C4DA}.Release|Any CPU.ActiveCfg = Release|Any CPU
		{88D32193-F17C-4822-BC32-E2630E31C4DA}.Release|Any CPU.Build.0 = Release|Any CPU
		{08088224-CAB7-4156-A9A5-42CFF0C1C124}.Debug|Any CPU.ActiveCfg = Debug|Any CPU
		{08088224-CAB7-4156-A9A5-42CFF0C1C124}.Debug|Any CPU.Build.0 = Debug|Any CPU
		{08088224-CAB7-4156-A9A5-42CFF0C1C124}.Release|Any CPU.ActiveCfg = Release|Any CPU
		{08088224-CAB7-4156-A9A5-42CFF0C1C124}.Release|Any CPU.Build.0 = Release|Any CPU
	EndGlobalSection
	GlobalSection(SolutionProperties) = preSolution
		HideSolutionNode = FALSE
	EndGlobalSection
	GlobalSection(ExtensibilityGlobals) = postSolution
		SolutionGuid = {BDEF2B65-5BC4-40AA-A29C-4A00F62F4013}
	EndGlobalSection
EndGlobal
